// !$*UTF8*$!
{
	archiveVersion = 1;
	classes = {
	};
	objectVersion = 46;
	objects = {

/* Begin PBXBuildFile section */
		720F0B9F19A04065009677DD /* Foundation.framework in Frameworks */ = {isa = PBXBuildFile; fileRef = 720F0B9E19A04065009677DD /* Foundation.framework */; };
		720F0BA119A04065009677DD /* CoreGraphics.framework in Frameworks */ = {isa = PBXBuildFile; fileRef = 720F0BA019A04065009677DD /* CoreGraphics.framework */; };
		720F0BA319A04065009677DD /* UIKit.framework in Frameworks */ = {isa = PBXBuildFile; fileRef = 720F0BA219A04065009677DD /* UIKit.framework */; };
		720F0BA919A04065009677DD /* InfoPlist.strings in Resources */ = {isa = PBXBuildFile; fileRef = 720F0BA719A04065009677DD /* InfoPlist.strings */; };
		720F0BAB19A04065009677DD /* main.m in Sources */ = {isa = PBXBuildFile; fileRef = 720F0BAA19A04065009677DD /* main.m */; };
		720F0BAF19A04065009677DD /* XYZAppDelegate.m in Sources */ = {isa = PBXBuildFile; fileRef = 720F0BAE19A04065009677DD /* XYZAppDelegate.m */; };
		720F0BB219A04065009677DD /* Main.storyboard in Resources */ = {isa = PBXBuildFile; fileRef = 720F0BB019A04065009677DD /* Main.storyboard */; };
		720F0BB719A04065009677DD /* Images.xcassets in Resources */ = {isa = PBXBuildFile; fileRef = 720F0BB619A04065009677DD /* Images.xcassets */; };
		720F0BBE19A04065009677DD /* XCTest.framework in Frameworks */ = {isa = PBXBuildFile; fileRef = 720F0BBD19A04065009677DD /* XCTest.framework */; };
		720F0BBF19A04065009677DD /* Foundation.framework in Frameworks */ = {isa = PBXBuildFile; fileRef = 720F0B9E19A04065009677DD /* Foundation.framework */; };
		720F0BC019A04065009677DD /* UIKit.framework in Frameworks */ = {isa = PBXBuildFile; fileRef = 720F0BA219A04065009677DD /* UIKit.framework */; };
		720F0BC819A04065009677DD /* InfoPlist.strings in Resources */ = {isa = PBXBuildFile; fileRef = 720F0BC619A04065009677DD /* InfoPlist.strings */; };
		720F0BCA19A04065009677DD /* UITableViewController_Challenge_SolutionTests.m in Sources */ = {isa = PBXBuildFile; fileRef = 720F0BC919A04065009677DD /* UITableViewController_Challenge_SolutionTests.m */; };
		720F0BD519A0438F009677DD /* XYZTableViewController.m in Sources */ = {isa = PBXBuildFile; fileRef = 720F0BD419A0438F009677DD /* XYZTableViewController.m */; };
/* End PBXBuildFile section */

/* Begin PBXContainerItemProxy section */
		720F0BC119A04065009677DD /* PBXContainerItemProxy */ = {
			isa = PBXContainerItemProxy;
			containerPortal = 720F0B9319A04065009677DD /* Project object */;
			proxyType = 1;
			remoteGlobalIDString = 720F0B9A19A04065009677DD;
			remoteInfo = "UITableViewController Challenge Solution";
		};
/* End PBXContainerItemProxy section */

/* Begin PBXFileReference section */
		720F0B9B19A04065009677DD /* UITableViewController Challenge Solution.app */ = {isa = PBXFileReference; explicitFileType = wrapper.application; includeInIndex = 0; path = "UITableViewController Challenge Solution.app"; sourceTree = BUILT_PRODUCTS_DIR; };
		720F0B9E19A04065009677DD /* Foundation.framework */ = {isa = PBXFileReference; lastKnownFileType = wrapper.framework; name = Foundation.framework; path = System/Library/Frameworks/Foundation.framework; sourceTree = SDKROOT; };
		720F0BA019A04065009677DD /* CoreGraphics.framework */ = {isa = PBXFileReference; lastKnownFileType = wrapper.framework; name = CoreGraphics.framework; path = System/Library/Frameworks/CoreGraphics.framework; sourceTree = SDKROOT; };
		720F0BA219A04065009677DD /* UIKit.framework */ = {isa = PBXFileReference; lastKnownFileType = wrapper.framework; name = UIKit.framework; path = System/Library/Frameworks/UIKit.framework; sourceTree = SDKROOT; };
		720F0BA619A04065009677DD /* UITableViewController Challenge Solution-Info.plist */ = {isa = PBXFileReference; lastKnownFileType = text.plist.xml; path = "UITableViewController Challenge Solution-Info.plist"; sourceTree = "<group>"; };
		720F0BA819A04065009677DD /* en */ = {isa = PBXFileReference; lastKnownFileType = text.plist.strings; name = en; path = en.lproj/InfoPlist.strings; sourceTree = "<group>"; };
		720F0BAA19A04065009677DD /* main.m */ = {isa = PBXFileReference; lastKnownFileType = sourcecode.c.objc; path = main.m; sourceTree = "<group>"; };
		720F0BAC19A04065009677DD /* UITableViewController Challenge Solution-Prefix.pch */ = {isa = PBXFileReference; lastKnownFileType = sourcecode.c.h; path = "UITableViewController Challenge Solution-Prefix.pch"; sourceTree = "<group>"; };
		720F0BAD19A04065009677DD /* XYZAppDelegate.h */ = {isa = PBXFileReference; lastKnownFileType = sourcecode.c.h; path = XYZAppDelegate.h; sourceTree = "<group>"; };
		720F0BAE19A04065009677DD /* XYZAppDelegate.m */ = {isa = PBXFileReference; lastKnownFileType = sourcecode.c.objc; path = XYZAppDelegate.m; sourceTree = "<group>"; };
		720F0BB119A04065009677DD /* Base */ = {isa = PBXFileReference; lastKnownFileType = file.storyboard; name = Base; path = Base.lproj/Main.storyboard; sourceTree = "<group>"; };
		720F0BB619A04065009677DD /* Images.xcassets */ = {isa = PBXFileReference; lastKnownFileType = folder.assetcatalog; path = Images.xcassets; sourceTree = "<group>"; };
		720F0BBC19A04065009677DD /* UITableViewController Challenge SolutionTests.xctest */ = {isa = PBXFileReference; explicitFileType = wrapper.cfbundle; includeInIndex = 0; path = "UITableViewController Challenge SolutionTests.xctest"; sourceTree = BUILT_PRODUCTS_DIR; };
		720F0BBD19A04065009677DD /* XCTest.framework */ = {isa = PBXFileReference; lastKnownFileType = wrapper.framework; name = XCTest.framework; path = Library/Frameworks/XCTest.framework; sourceTree = DEVELOPER_DIR; };
		720F0BC519A04065009677DD /* UITableViewController Challenge SolutionTests-Info.plist */ = {isa = PBXFileReference; lastKnownFileType = text.plist.xml; path = "UITableViewController Challenge SolutionTests-Info.plist"; sourceTree = "<group>"; };
		720F0BC719A04065009677DD /* en */ = {isa = PBXFileReference; lastKnownFileType = text.plist.strings; name = en; path = en.lproj/InfoPlist.strings; sourceTree = "<group>"; };
		720F0BC919A04065009677DD /* UITableViewController_Challenge_SolutionTests.m */ = {isa = PBXFileReference; lastKnownFileType = sourcecode.c.objc; path = UITableViewController_Challenge_SolutionTests.m; sourceTree = "<group>"; };
		720F0BD319A0438F009677DD /* XYZTableViewController.h */ = {isa = PBXFileReference; fileEncoding = 4; lastKnownFileType = sourcecode.c.h; path = XYZTableViewController.h; sourceTree = "<group>"; };
		720F0BD419A0438F009677DD /* XYZTableViewController.m */ = {isa = PBXFileReference; fileEncoding = 4; lastKnownFileType = sourcecode.c.objc; path = XYZTableViewController.m; sourceTree = "<group>"; };
/* End PBXFileReference section */

/* Begin PBXFrameworksBuildPhase section */
		720F0B9819A04065009677DD /* Frameworks */ = {
			isa = PBXFrameworksBuildPhase;
			buildActionMask = 2147483647;
			files = (
				720F0BA119A04065009677DD /* CoreGraphics.framework in Frameworks */,
				720F0BA319A04065009677DD /* UIKit.framework in Frameworks */,
				720F0B9F19A04065009677DD /* Foundation.framework in Frameworks */,
			);
			runOnlyForDeploymentPostprocessing = 0;
		};
		720F0BB919A04065009677DD /* Frameworks */ = {
			isa = PBXFrameworksBuildPhase;
			buildActionMask = 2147483647;
			files = (
				720F0BBE19A04065009677DD /* XCTest.framework in Frameworks */,
				720F0BC019A04065009677DD /* UIKit.framework in Frameworks */,
				720F0BBF19A04065009677DD /* Foundation.framework in Frameworks */,
			);
			runOnlyForDeploymentPostprocessing = 0;
		};
/* End PBXFrameworksBuildPhase section */

/* Begin PBXGroup section */
		720F0B9219A04065009677DD = {
			isa = PBXGroup;
			children = (
				720F0BA419A04065009677DD /* UITableViewController Challenge Solution */,
				720F0BC319A04065009677DD /* UITableViewController Challenge SolutionTests */,
				720F0B9D19A04065009677DD /* Frameworks */,
				720F0B9C19A04065009677DD /* Products */,
			);
			sourceTree = "<group>";
		};
		720F0B9C19A04065009677DD /* Products */ = {
			isa = PBXGroup;
			children = (
				720F0B9B19A04065009677DD /* UITableViewController Challenge Solution.app */,
				720F0BBC19A04065009677DD /* UITableViewController Challenge SolutionTests.xctest */,
			);
			name = Products;
			sourceTree = "<group>";
		};
		720F0B9D19A04065009677DD /* Frameworks */ = {
			isa = PBXGroup;
			children = (
				720F0B9E19A04065009677DD /* Foundation.framework */,
				720F0BA019A04065009677DD /* CoreGraphics.framework */,
				720F0BA219A04065009677DD /* UIKit.framework */,
				720F0BBD19A04065009677DD /* XCTest.framework */,
			);
			name = Frameworks;
			sourceTree = "<group>";
		};
		720F0BA419A04065009677DD /* UITableViewController Challenge Solution */ = {
			isa = PBXGroup;
			children = (
				720F0BAD19A04065009677DD /* XYZAppDelegate.h */,
				720F0BAE19A04065009677DD /* XYZAppDelegate.m */,
				720F0BB019A04065009677DD /* Main.storyboard */,
				720F0BB619A04065009677DD /* Images.xcassets */,
				720F0BA519A04065009677DD /* Supporting Files */,
				720F0BD319A0438F009677DD /* XYZTableViewController.h */,
				720F0BD419A0438F009677DD /* XYZTableViewController.m */,
			);
			path = "UITableViewController Challenge Solution";
			sourceTree = "<group>";
		};
		720F0BA519A04065009677DD /* Supporting Files */ = {
			isa = PBXGroup;
			children = (
				720F0BA619A04065009677DD /* UITableViewController Challenge Solution-Info.plist */,
				720F0BA719A04065009677DD /* InfoPlist.strings */,
				720F0BAA19A04065009677DD /* main.m */,
				720F0BAC19A04065009677DD /* UITableViewController Challenge Solution-Prefix.pch */,
			);
			name = "Supporting Files";
			sourceTree = "<group>";
		};
		720F0BC319A04065009677DD /* UITableViewController Challenge SolutionTests */ = {
			isa = PBXGroup;
			children = (
				720F0BC919A04065009677DD /* UITableViewController_Challenge_SolutionTests.m */,
				720F0BC419A04065009677DD /* Supporting Files */,
			);
			path = "UITableViewController Challenge SolutionTests";
			sourceTree = "<group>";
		};
		720F0BC419A04065009677DD /* Supporting Files */ = {
			isa = PBXGroup;
			children = (
				720F0BC519A04065009677DD /* UITableViewController Challenge SolutionTests-Info.plist */,
				720F0BC619A04065009677DD /* InfoPlist.strings */,
			);
			name = "Supporting Files";
			sourceTree = "<group>";
		};
/* End PBXGroup section */

/* Begin PBXNativeTarget section */
		720F0B9A19A04065009677DD /* UITableViewController Challenge Solution */ = {
			isa = PBXNativeTarget;
			buildConfigurationList = 720F0BCD19A04065009677DD /* Build configuration list for PBXNativeTarget "UITableViewController Challenge Solution" */;
			buildPhases = (
				720F0B9719A04065009677DD /* Sources */,
				720F0B9819A04065009677DD /* Frameworks */,
				720F0B9919A04065009677DD /* Resources */,
			);
			buildRules = (
			);
			dependencies = (
			);
			name = "UITableViewController Challenge Solution";
			productName = "UITableViewController Challenge Solution";
			productReference = 720F0B9B19A04065009677DD /* UITableViewController Challenge Solution.app */;
			productType = "com.apple.product-type.application";
		};
		720F0BBB19A04065009677DD /* UITableViewController Challenge SolutionTests */ = {
			isa = PBXNativeTarget;
			buildConfigurationList = 720F0BD019A04065009677DD /* Build configuration list for PBXNativeTarget "UITableViewController Challenge SolutionTests" */;
			buildPhases = (
				720F0BB819A04065009677DD /* Sources */,
				720F0BB919A04065009677DD /* Frameworks */,
				720F0BBA19A04065009677DD /* Resources */,
			);
			buildRules = (
			);
			dependencies = (
				720F0BC219A04065009677DD /* PBXTargetDependency */,
			);
			name = "UITableViewController Challenge SolutionTests";
			productName = "UITableViewController Challenge SolutionTests";
			productReference = 720F0BBC19A04065009677DD /* UITableViewController Challenge SolutionTests.xctest */;
			productType = "com.apple.product-type.bundle.unit-test";
		};
/* End PBXNativeTarget section */

/* Begin PBXProject section */
		720F0B9319A04065009677DD /* Project object */ = {
			isa = PBXProject;
			attributes = {
				CLASSPREFIX = XYZ;
				LastUpgradeCheck = 0510;
				ORGANIZATIONNAME = NoNameOrg;
				TargetAttributes = {
					720F0BBB19A04065009677DD = {
						TestTargetID = 720F0B9A19A04065009677DD;
					};
				};
			};
			buildConfigurationList = 720F0B9619A04065009677DD /* Build configuration list for PBXProject "UITableViewController Challenge Solution" */;
			compatibilityVersion = "Xcode 3.2";
			developmentRegion = English;
			hasScannedForEncodings = 0;
			knownRegions = (
				en,
				Base,
			);
			mainGroup = 720F0B9219A04065009677DD;
			productRefGroup = 720F0B9C19A04065009677DD /* Products */;
			projectDirPath = "";
			projectRoot = "";
			targets = (
				720F0B9A19A04065009677DD /* UITableViewController Challenge Solution */,
				720F0BBB19A04065009677DD /* UITableViewController Challenge SolutionTests */,
			);
		};
/* End PBXProject section */

/* Begin PBXResourcesBuildPhase section */
		720F0B9919A04065009677DD /* Resources */ = {
			isa = PBXResourcesBuildPhase;
			buildActionMask = 2147483647;
			files = (
				720F0BB719A04065009677DD /* Images.xcassets in Resources */,
				720F0BA919A04065009677DD /* InfoPlist.strings in Resources */,
				720F0BB219A04065009677DD /* Main.storyboard in Resources */,
			);
			runOnlyForDeploymentPostprocessing = 0;
		};
		720F0BBA19A04065009677DD /* Resources */ = {
			isa = PBXResourcesBuildPhase;
			buildActionMask = 2147483647;
			files = (
				720F0BC819A04065009677DD /* InfoPlist.strings in Resources */,
			);
			runOnlyForDeploymentPostprocessing = 0;
		};
/* End PBXResourcesBuildPhase section */

/* Begin PBXSourcesBuildPhase section */
		720F0B9719A04065009677DD /* Sources */ = {
			isa = PBXSourcesBuildPhase;
			buildActionMask = 2147483647;
			files = (
				720F0BAF19A04065009677DD /* XYZAppDelegate.m in Sources */,
				720F0BD519A0438F009677DD /* XYZTableViewController.m in Sources */,
				720F0BAB19A04065009677DD /* main.m in Sources */,
			);
			runOnlyForDeploymentPostprocessing = 0;
		};
		720F0BB819A04065009677DD /* Sources */ = {
			isa = PBXSourcesBuildPhase;
			buildActionMask = 2147483647;
			files = (
				720F0BCA19A04065009677DD /* UITableViewController_Challenge_SolutionTests.m in Sources */,
			);
			runOnlyForDeploymentPostprocessing = 0;
		};
/* End PBXSourcesBuildPhase section */

/* Begin PBXTargetDependency section */
		720F0BC219A04065009677DD /* PBXTargetDependency */ = {
			isa = PBXTargetDependency;
			target = 720F0B9A19A04065009677DD /* UITableViewController Challenge Solution */;
			targetProxy = 720F0BC119A04065009677DD /* PBXContainerItemProxy */;
		};
/* End PBXTargetDependency section */

/* Begin PBXVariantGroup section */
		720F0BA719A04065009677DD /* InfoPlist.strings */ = {
			isa = PBXVariantGroup;
			children = (
				720F0BA819A04065009677DD /* en */,
			);
			name = InfoPlist.strings;
			sourceTree = "<group>";
		};
		720F0BB019A04065009677DD /* Main.storyboard */ = {
			isa = PBXVariantGroup;
			children = (
				720F0BB119A04065009677DD /* Base */,
			);
			name = Main.storyboard;
			sourceTree = "<group>";
		};
		720F0BC619A04065009677DD /* InfoPlist.strings */ = {
			isa = PBXVariantGroup;
			children = (
				720F0BC719A04065009677DD /* en */,
			);
			name = InfoPlist.strings;
			sourceTree = "<group>";
		};
/* End PBXVariantGroup section */

/* Begin XCBuildConfiguration section */
		720F0BCB19A04065009677DD /* Debug */ = {
			isa = XCBuildConfiguration;
			buildSettings = {
				ALWAYS_SEARCH_USER_PATHS = NO;
				CLANG_CXX_LANGUAGE_STANDARD = "gnu++0x";
				CLANG_CXX_LIBRARY = "libc++";
				CLANG_ENABLE_MODULES = YES;
				CLANG_ENABLE_OBJC_ARC = YES;
				CLANG_WARN_BOOL_CONVERSION = YES;
				CLANG_WARN_CONSTANT_CONVERSION = YES;
				CLANG_WARN_DIRECT_OBJC_ISA_USAGE = YES_ERROR;
				CLANG_WARN_EMPTY_BODY = YES;
				CLANG_WARN_ENUM_CONVERSION = YES;
				CLANG_WARN_INT_CONVERSION = YES;
				CLANG_WARN_OBJC_ROOT_CLASS = YES_ERROR;
				CLANG_WARN__DUPLICATE_METHOD_MATCH = YES;
				"CODE_SIGN_IDENTITY[sdk=iphoneos*]" = "iPhone Developer";
				COPY_PHASE_STRIP = NO;
				GCC_C_LANGUAGE_STANDARD = gnu99;
				GCC_DYNAMIC_NO_PIC = NO;
				GCC_OPTIMIZATION_LEVEL = 0;
				GCC_PREPROCESSOR_DEFINITIONS = (
					"DEBUG=1",
					"$(inherited)",
				);
				GCC_SYMBOLS_PRIVATE_EXTERN = NO;
				GCC_WARN_64_TO_32_BIT_CONVERSION = YES;
				GCC_WARN_ABOUT_RETURN_TYPE = YES_ERROR;
				GCC_WARN_UNDECLARED_SELECTOR = YES;
				GCC_WARN_UNINITIALIZED_AUTOS = YES_AGGRESSIVE;
				GCC_WARN_UNUSED_FUNCTION = YES;
				GCC_WARN_UNUSED_VARIABLE = YES;
				IPHONEOS_DEPLOYMENT_TARGET = 7.1;
				ONLY_ACTIVE_ARCH = YES;
				SDKROOT = iphoneos;
			};
			name = Debug;
		};
		720F0BCC19A04065009677DD /* Release */ = {
			isa = XCBuildConfiguration;
			buildSettings = {
				ALWAYS_SEARCH_USER_PATHS = NO;
				CLANG_CXX_LANGUAGE_STANDARD = "gnu++0x";
				CLANG_CXX_LIBRARY = "libc++";
				CLANG_ENABLE_MODULES = YES;
				CLANG_ENABLE_OBJC_ARC = YES;
				CLANG_WARN_BOOL_CONVERSION = YES;
				CLANG_WARN_CONSTANT_CONVERSION = YES;
				CLANG_WARN_DIRECT_OBJC_ISA_USAGE = YES_ERROR;
				CLANG_WARN_EMPTY_BODY = YES;
				CLANG_WARN_ENUM_CONVERSION = YES;
				CLANG_WARN_INT_CONVERSION = YES;
				CLANG_WARN_OBJC_ROOT_CLASS = YES_ERROR;
				CLANG_WARN__DUPLICATE_METHOD_MATCH = YES;
				"CODE_SIGN_IDENTITY[sdk=iphoneos*]" = "iPhone Developer";
				COPY_PHASE_STRIP = YES;
				ENABLE_NS_ASSERTIONS = NO;
				GCC_C_LANGUAGE_STANDARD = gnu99;
				GCC_WARN_64_TO_32_BIT_CONVERSION = YES;
				GCC_WARN_ABOUT_RETURN_TYPE = YES_ERROR;
				GCC_WARN_UNDECLARED_SELECTOR = YES;
				GCC_WARN_UNINITIALIZED_AUTOS = YES_AGGRESSIVE;
				GCC_WARN_UNUSED_FUNCTION = YES;
				GCC_WARN_UNUSED_VARIABLE = YES;
				IPHONEOS_DEPLOYMENT_TARGET = 7.1;
				SDKROOT = iphoneos;
				VALIDATE_PRODUCT = YES;
			};
			name = Release;
		};
		720F0BCE19A04065009677DD /* Debug */ = {
			isa = XCBuildConfiguration;
			buildSettings = {
				ASSETCATALOG_COMPILER_APPICON_NAME = AppIcon;
				ASSETCATALOG_COMPILER_LAUNCHIMAGE_NAME = LaunchImage;
				GCC_PRECOMPILE_PREFIX_HEADER = YES;
				GCC_PREFIX_HEADER = "UITableViewController Challenge Solution/UITableViewController Challenge Solution-Prefix.pch";
				INFOPLIST_FILE = "UITableViewController Challenge Solution/UITableViewController Challenge Solution-Info.plist";
				PRODUCT_NAME = "$(TARGET_NAME)";
				WRAPPER_EXTENSION = app;
			};
			name = Debug;
		};
		720F0BCF19A04065009677DD /* Release */ = {
			isa = XCBuildConfiguration;
			buildSettings = {
				ASSETCATALOG_COMPILER_APPICON_NAME = AppIcon;
				ASSETCATALOG_COMPILER_LAUNCHIMAGE_NAME = LaunchImage;
				GCC_PRECOMPILE_PREFIX_HEADER = YES;
				GCC_PREFIX_HEADER = "UITableViewController Challenge Solution/UITableViewController Challenge Solution-Prefix.pch";
				INFOPLIST_FILE = "UITableViewController Challenge Solution/UITableViewController Challenge Solution-Info.plist";
				PRODUCT_NAME = "$(TARGET_NAME)";
				WRAPPER_EXTENSION = app;
			};
			name = Release;
		};
		720F0BD119A04065009677DD /* Debug */ = {
			isa = XCBuildConfiguration;
			buildSettings = {
				BUNDLE_LOADER = "$(BUILT_PRODUCTS_DIR)/UITableViewController Challenge Solution.app/UITableViewController Challenge Solution";
				FRAMEWORK_SEARCH_PATHS = (
					"$(SDKROOT)/Developer/Library/Frameworks",
					"$(inherited)",
					"$(DEVELOPER_FRAMEWORKS_DIR)",
				);
				GCC_PRECOMPILE_PREFIX_HEADER = YES;
				GCC_PREFIX_HEADER = "UITableViewController Challenge Solution/UITableViewController Challenge Solution-Prefix.pch";
				GCC_PREPROCESSOR_DEFINITIONS = (
					"DEBUG=1",
					"$(inherited)",
				);
				INFOPLIST_FILE = "UITableViewController Challenge SolutionTests/UITableViewController Challenge SolutionTests-Info.plist";
				PRODUCT_NAME = "$(TARGET_NAME)";
				TEST_HOST = "$(BUNDLE_LOADER)";
				WRAPPER_EXTENSION = xctest;
			};
			name = Debug;
		};
		720F0BD219A04065009677DD /* Release */ = {
			isa = XCBuildConfiguration;
			buildSettings = {
				BUNDLE_LOADER = "$(BUILT_PRODUCTS_DIR)/UITableViewController Challenge Solution.app/UITableViewController Challenge Solution";
				FRAMEWORK_SEARCH_PATHS = (
					"$(SDKROOT)/Developer/Library/Frameworks",
					"$(inherited)",
					"$(DEVELOPER_FRAMEWORKS_DIR)",
				);
				GCC_PRECOMPILE_PREFIX_HEADER = YES;
				GCC_PREFIX_HEADER = "UITableViewController Challenge Solution/UITableViewController Challenge Solution-Prefix.pch";
				INFOPLIST_FILE = "UITableViewController Challenge SolutionTests/UITableViewController Challenge SolutionTests-Info.plist";
				PRODUCT_NAME = "$(TARGET_NAME)";
				TEST_HOST = "$(BUNDLE_LOADER)";
				WRAPPER_EXTENSION = xctest;
			};
			name = Release;
		};
/* End XCBuildConfiguration section */

/* Begin XCConfigurationList section */
		720F0B9619A04065009677DD /* Build configuration list for PBXProject "UITableViewController Challenge Solution" */ = {
			isa = XCConfigurationList;
			buildConfigurations = (
				720F0BCB19A04065009677DD /* Debug */,
				720F0BCC19A04065009677DD /* Release */,
			);
			defaultConfigurationIsVisible = 0;
			defaultConfigurationName = Release;
		};
		720F0BCD19A04065009677DD /* Build configuration list for PBXNativeTarget "UITableViewController Challenge Solution" */ = {
			isa = XCConfigurationList;
			buildConfigurations = (
				720F0BCE19A04065009677DD /* Debug */,
				720F0BCF19A04065009677DD /* Release */,
			);
			defaultConfigurationIsVisible = 0;
		};
		720F0BD019A04065009677DD /* Build configuration list for PBXNativeTarget "UITableViewController Challenge SolutionTests" */ = {
			isa = XCConfigurationList;
			buildConfigurations = (
				720F0BD119A04065009677DD /* Debug */,
				720F0BD219A04065009677DD /* Release */,
			);
			defaultConfigurationIsVisible = 0;
		};
/* End XCConfigurationList section */
	};
	rootObject = 720F0B9319A04065009677DD /* Project object */;
}
